<?xml version="1.0" encoding="UTF-8" standalone="yes" ?>
<CodeBlocks_project_file>
	<FileVersion major="1" minor="6" />
	<Project>
		<Option title="Menu" />
		<Option pch_mode="2" />
		<Option compiler="gcc" />
		<Build>
			<Target title="Debug">
				<Option output="bin/Debug/test" prefix_auto="1" extension_auto="1" />
				<Option object_output="obj/Debug/" />
				<Option type="1" />
				<Option compiler="gcc" />
				<Compiler>
					<Add option="-g" />
				</Compiler>
			</Target>
			<Target title="Release">
				<Option output="bin/Release/test" prefix_auto="1" extension_auto="1" />
				<Option object_output="obj/Release/" />
				<Option type="1" />
				<Option compiler="gcc" />
				<Compiler>
					<Add option="-O2" />
				</Compiler>
				<Linker>
					<Add option="-s" />
				</Linker>
			</Target>
		</Build>
		<Compiler>
			<Add option="-Wall" />
		</Compiler>
		<Unit filename="_main.c">
			<Option compilerVar="CC" />
		</Unit>
		<Unit filename="ayuda.c">
			<Option compilerVar="CC" />
		</Unit>
		<Unit filename="ayuda.h" />
		<Unit filename="libro.c">
			<Option compilerVar="CC" />
		</Unit>
		<Unit filename="libro.h" />
		<Unit filename="libro2.h" />
		<Unit filename="menu.c">
			<Option compilerVar="CC" />
		</Unit>
		<Unit filename="menu.h" />
		<Unit filename="menu_gestion.c">
			<Option compilerVar="CC" />
		</Unit>
		<Unit filename="menu_gestion.h" />
		<Unit filename="venta.c">
			<Option compilerVar="CC" />
		</Unit>
		<Unit filename="venta.h" />
		<Extensions>
			<code_completion />
			<envvars />
			<debugger />
		</Extensions>
	</Project>
</CodeBlocks_project_file>
